
Microsoft Visual Studio Solution File, Format Version 12.00
# Visual Studio Version 17
VisualStudioVersion = 17.8.34330.188
MinimumVisualStudioVersion = 10.0.40219.1
Project("{FAE04EC0-301F-11D3-BF4B-00C04F79EFBC}") = "Control課題_6", "Control課題_7\Control課題_6.csproj", "{9405D9A3-2AA4-41FF-A312-AED55058E6BB}"
EndProject
Global
	GlobalSection(SolutionConfigurationPlatforms) = preSolution
		Debug|Any CPU = Debug|Any CPU
		Release|Any CPU = Release|Any CPU
	EndGlobalSection
	GlobalSection(ProjectConfigurationPlatforms) = postSolution
		{9405D9A3-2AA4-41FF-A312-AED55058E6BB}.Debug|Any CPU.ActiveCfg = Debug|Any CPU
		{9405D9A3-2AA4-41FF-A312-AED55058E6BB}.Debug|Any CPU.Build.0 = Debug|Any CPU
		{9405D9A3-2AA4-41FF-A312-AED55058E6BB}.Release|Any CPU.ActiveCfg = Release|Any CPU
		{9405D9A3-2AA4-41FF-A312-AED55058E6BB}.Release|Any CPU.Build.0 = Release|Any CPU
	EndGlobalSection
	GlobalSection(SolutionProperties) = preSolution
		HideSolutionNode = FALSE
	EndGlobalSection
	GlobalSection(ExtensibilityGlobals) = postSolution
		SolutionGuid = {E067133A-32AD-4897-B481-80803B254F84}
	EndGlobalSection
EndGlobal
